
Microsoft Visual Studio Solution File, Format Version 12.00
# Visual Studio Version 17
VisualStudioVersion = 17.7.34221.43
MinimumVisualStudioVersion = 10.0.40219.1
Project("{FAE04EC0-301F-11D3-BF4B-00C04F79EFBC}") = "SeleniumTests", "SeleniumTests.csproj", "{B086DCD4-CBCE-4F55-9994-9123B53A4AA4}"
EndProject
Global
	GlobalSection(SolutionConfigurationPlatforms) = preSolution
		Debug|Any CPU = Debug|Any CPU
		Release|Any CPU = Release|Any CPU
	EndGlobalSection
	GlobalSection(ProjectConfigurationPlatforms) = postSolution
		{B086DCD4-CBCE-4F55-9994-9123B53A4AA4}.Debug|Any CPU.ActiveCfg = Debug|Any CPU
		{B086DCD4-CBCE-4F55-9994-9123B53A4AA4}.Debug|Any CPU.Build.0 = Debug|Any CPU
		{B086DCD4-CBCE-4F55-9994-9123B53A4AA4}.Release|Any CPU.ActiveCfg = Release|Any CPU
		{B086DCD4-CBCE-4F55-9994-9123B53A4AA4}.Release|Any CPU.Build.0 = Release|Any CPU
	EndGlobalSection
	GlobalSection(SolutionProperties) = preSolution
		HideSolutionNode = FALSE
	EndGlobalSection
	GlobalSection(ExtensibilityGlobals) = postSolution
		SolutionGuid = {CD516285-ECE5-4A58-9B97-7E0D3C879DA1}
	EndGlobalSection
EndGlobal
